
Microsoft Visual Studio Solution File, Format Version 12.00
# Visual Studio Version 16
VisualStudioVersion = 16.6.30114.105
MinimumVisualStudioVersion = 10.0.40219.1
Project("{FAE04EC0-301F-11D3-BF4B-00C04F79EFBC}") = "Bolillero.Core", "Bolillero.Core\Bolillero.Core.csproj", "{A974A08B-3298-4FA4-A84F-1B13934F6327}"
EndProject
Project("{FAE04EC0-301F-11D3-BF4B-00C04F79EFBC}") = "Bolillero.Test", "Bolillero.Test\Bolillero.Test.csproj", "{178DB357-3152-43E3-BBC2-EDF49611BF67}"
EndProject
Project("{FAE04EC0-301F-11D3-BF4B-00C04F79EFBC}") = "Simulacion.Test", "Simulacion.Test\Simulacion.Test.csproj", "{D9ADC16D-5D18-4C99-BE70-AA28CB7365EA}"
EndProject
Global
	GlobalSection(SolutionConfigurationPlatforms) = preSolution
		Debug|Any CPU = Debug|Any CPU
		Debug|x64 = Debug|x64
		Debug|x86 = Debug|x86
		Release|Any CPU = Release|Any CPU
		Release|x64 = Release|x64
		Release|x86 = Release|x86
	EndGlobalSection
	GlobalSection(SolutionProperties) = preSolution
		HideSolutionNode = FALSE
	EndGlobalSection
	GlobalSection(ProjectConfigurationPlatforms) = postSolution
		{A974A08B-3298-4FA4-A84F-1B13934F6327}.Debug|Any CPU.ActiveCfg = Debug|Any CPU
		{A974A08B-3298-4FA4-A84F-1B13934F6327}.Debug|Any CPU.Build.0 = Debug|Any CPU
		{A974A08B-3298-4FA4-A84F-1B13934F6327}.Debug|x64.ActiveCfg = Debug|Any CPU
		{A974A08B-3298-4FA4-A84F-1B13934F6327}.Debug|x64.Build.0 = Debug|Any CPU
		{A974A08B-3298-4FA4-A84F-1B13934F6327}.Debug|x86.ActiveCfg = Debug|Any CPU
		{A974A08B-3298-4FA4-A84F-1B13934F6327}.Debug|x86.Build.0 = Debug|Any CPU
		{A974A08B-3298-4FA4-A84F-1B13934F6327}.Release|Any CPU.ActiveCfg = Release|Any CPU
		{A974A08B-3298-4FA4-A84F-1B13934F6327}.Release|Any CPU.Build.0 = Release|Any CPU
		{A974A08B-3298-4FA4-A84F-1B13934F6327}.Release|x64.ActiveCfg = Release|Any CPU
		{A974A08B-3298-4FA4-A84F-1B13934F6327}.Release|x64.Build.0 = Release|Any CPU
		{A974A08B-3298-4FA4-A84F-1B13934F6327}.Release|x86.ActiveCfg = Release|Any CPU
		{A974A08B-3298-4FA4-A84F-1B13934F6327}.Release|x86.Build.0 = Release|Any CPU
		{178DB357-3152-43E3-BBC2-EDF49611BF67}.Debug|Any CPU.ActiveCfg = Debug|Any CPU
		{178DB357-3152-43E3-BBC2-EDF49611BF67}.Debug|Any CPU.Build.0 = Debug|Any CPU
		{178DB357-3152-43E3-BBC2-EDF49611BF67}.Debug|x64.ActiveCfg = Debug|Any CPU
		{178DB357-3152-43E3-BBC2-EDF49611BF67}.Debug|x64.Build.0 = Debug|Any CPU
		{178DB357-3152-43E3-BBC2-EDF49611BF67}.Debug|x86.ActiveCfg = Debug|Any CPU
		{178DB357-3152-43E3-BBC2-EDF49611BF67}.Debug|x86.Build.0 = Debug|Any CPU
		{178DB357-3152-43E3-BBC2-EDF49611BF67}.Release|Any CPU.ActiveCfg = Release|Any CPU
		{178DB357-3152-43E3-BBC2-EDF49611BF67}.Release|Any CPU.Build.0 = Release|Any CPU
		{178DB357-3152-43E3-BBC2-EDF49611BF67}.Release|x64.ActiveCfg = Release|Any CPU
		{178DB357-3152-43E3-BBC2-EDF49611BF67}.Release|x64.Build.0 = Release|Any CPU
		{178DB357-3152-43E3-BBC2-EDF49611BF67}.Release|x86.ActiveCfg = Release|Any CPU
		{178DB357-3152-43E3-BBC2-EDF49611BF67}.Release|x86.Build.0 = Release|Any CPU
		{D9ADC16D-5D18-4C99-BE70-AA28CB7365EA}.Debug|Any CPU.ActiveCfg = Debug|Any CPU
		{D9ADC16D-5D18-4C99-BE70-AA28CB7365EA}.Debug|Any CPU.Build.0 = Debug|Any CPU
		{D9ADC16D-5D18-4C99-BE70-AA28CB7365EA}.Debug|x64.ActiveCfg = Debug|Any CPU
		{D9ADC16D-5D18-4C99-BE70-AA28CB7365EA}.Debug|x64.Build.0 = Debug|Any CPU
		{D9ADC16D-5D18-4C99-BE70-AA28CB7365EA}.Debug|x86.ActiveCfg = Debug|Any CPU
		{D9ADC16D-5D18-4C99-BE70-AA28CB7365EA}.Debug|x86.Build.0 = Debug|Any CPU
		{D9ADC16D-5D18-4C99-BE70-AA28CB7365EA}.Release|Any CPU.ActiveCfg = Release|Any CPU
		{D9ADC16D-5D18-4C99-BE70-AA28CB7365EA}.Release|Any CPU.Build.0 = Release|Any CPU
		{D9ADC16D-5D18-4C99-BE70-AA28CB7365EA}.Release|x64.ActiveCfg = Release|Any CPU
		{D9ADC16D-5D18-4C99-BE70-AA28CB7365EA}.Release|x64.Build.0 = Release|Any CPU
		{D9ADC16D-5D18-4C99-BE70-AA28CB7365EA}.Release|x86.ActiveCfg = Release|Any CPU
		{D9ADC16D-5D18-4C99-BE70-AA28CB7365EA}.Release|x86.Build.0 = Release|Any CPU
	EndGlobalSection
EndGlobal
